
Microsoft Visual Studio Solution File, Format Version 12.00
# Visual Studio Version 16
VisualStudioVersion = 16.0.29324.140
MinimumVisualStudioVersion = 10.0.40219.1
Project("{FAE04EC0-301F-11D3-BF4B-00C04F79EFBC}") = "neteas-cloud-music_analyze", "neteas-cloud-music_analyze.csproj", "{AAFE46B2-25A9-427D-9B62-FA98AE863B26}"
EndProject
Global
	GlobalSection(SolutionConfigurationPlatforms) = preSolution
		Debug|Any CPU = Debug|Any CPU
		Release|Any CPU = Release|Any CPU
	EndGlobalSection
	GlobalSection(ProjectConfigurationPlatforms) = postSolution
		{AAFE46B2-25A9-427D-9B62-FA98AE863B26}.Debug|Any CPU.ActiveCfg = Debug|Any CPU
		{AAFE46B2-25A9-427D-9B62-FA98AE863B26}.Debug|Any CPU.Build.0 = Debug|Any CPU
		{AAFE46B2-25A9-427D-9B62-FA98AE863B26}.Release|Any CPU.ActiveCfg = Release|Any CPU
		{AAFE46B2-25A9-427D-9B62-FA98AE863B26}.Release|Any CPU.Build.0 = Release|Any CPU
	EndGlobalSection
	GlobalSection(SolutionProperties) = preSolution
		HideSolutionNode = FALSE
	EndGlobalSection
	GlobalSection(ExtensibilityGlobals) = postSolution
		SolutionGuid = {005F8F61-ADF5-4B41-8F1D-7FB2FB21282E}
	EndGlobalSection
EndGlobal
